# This file is automatically @generated by Poetry and should not be changed by hand.

[[package]]
name = "asgiref"
version = "3.6.0"
description = "ASGI specs, helper code, and adapters"
category = "main"
optional = false
python-versions = ">=3.7"
files = [
    {file = "asgiref-3.6.0-py3-none-any.whl", hash = "sha256:71e68008da809b957b7ee4b43dbccff33d1b23519fb8344e33f049897077afac"},
    {file = "asgiref-3.6.0.tar.gz", hash = "sha256:9567dfe7bd8d3c8c892227827c41cce860b368104c3431da67a0c5a65a949506"},
]

[package.extras]
tests = ["mypy (>=0.800)", "pytest", "pytest-asyncio"]

[[package]]
name = "attrs"
version = "22.2.0"
description = "Classes Without Boilerplate"
category = "main"
optional = false
python-versions = ">=3.6"
files = [
    {file = "attrs-22.2.0-py3-none-any.whl", hash = "sha256:29e95c7f6778868dbd49170f98f8818f78f3dc5e0e37c0b1f474e3561b240836"},
    {file = "attrs-22.2.0.tar.gz", hash = "sha256:c9227bfc2f01993c03f68db37d1d15c9690188323c067c641f1a35ca58185f99"},
]

[package.extras]
cov = ["attrs[tests]", "coverage-enable-subprocess", "coverage[toml] (>=5.3)"]
dev = ["attrs[docs,tests]"]
docs = ["furo", "myst-parser", "sphinx", "sphinx-notfound-page", "sphinxcontrib-towncrier", "towncrier", "zope.interface"]
tests = ["attrs[tests-no-zope]", "zope.interface"]
tests-no-zope = ["cloudpickle", "cloudpickle", "hypothesis", "hypothesis", "mypy (>=0.971,<0.990)", "mypy (>=0.971,<0.990)", "pympler", "pympler", "pytest (>=4.3.0)", "pytest (>=4.3.0)", "pytest-mypy-plugins", "pytest-mypy-plugins", "pytest-xdist[psutil]", "pytest-xdist[psutil]"]

[[package]]
name = "certifi"
version = "2022.12.7"
description = "Python package for providing Mozilla's CA Bundle."
category = "main"
optional = false
python-versions = ">=3.6"
files = [
    {file = "certifi-2022.12.7-py3-none-any.whl", hash = "sha256:4ad3232f5e926d6718ec31cfc1fcadfde020920e278684144551c91769c7bc18"},
    {file = "certifi-2022.12.7.tar.gz", hash = "sha256:35824b4c3a97115964b408844d64aa14db1cc518f6562e8d7261699d1350a9e3"},
]

[[package]]
name = "chardet"
version = "3.0.4"
description = "Universal encoding detector for Python 2 and 3"
category = "main"
optional = false
python-versions = "*"
files = [
    {file = "chardet-3.0.4-py2.py3-none-any.whl", hash = "sha256:fc323ffcaeaed0e0a02bf4d117757b98aed530d9ed4531e3e15460124c106691"},
    {file = "chardet-3.0.4.tar.gz", hash = "sha256:84ab92ed1c4d4f16916e05906b6b75a6c0fb5db821cc65e70cbd64a3e2a5eaae"},
]

[[package]]
name = "colorama"
version = "0.4.6"
description = "Cross-platform colored terminal text."
category = "main"
optional = false
python-versions = "!=3.0.*,!=3.1.*,!=3.2.*,!=3.3.*,!=3.4.*,!=3.5.*,!=3.6.*,>=2.7"
files = [
    {file = "colorama-0.4.6-py2.py3-none-any.whl", hash = "sha256:4f1d9991f5acc0ca119f9d443620b77f9d6b33703e51011c16baf57afb285fc6"},
    {file = "colorama-0.4.6.tar.gz", hash = "sha256:08695f5cb7ed6e0531a20572697297273c47b8cae5a63ffc6d6ed5c201be6e44"},
]

[[package]]
name = "coverage"
version = "7.0.2"
description = "Code coverage measurement for Python"
category = "main"
optional = false
python-versions = ">=3.7"
files = [
    {file = "coverage-7.0.2-cp310-cp310-macosx_10_9_x86_64.whl", hash = "sha256:c1f02d016b9b6b5ad21949a21646714bfa7b32d6041a30f97674f05d6d6996e3"},
    {file = "coverage-7.0.2-cp310-cp310-macosx_11_0_arm64.whl", hash = "sha256:a2d4f68e4fa286fb6b00d58a1e87c79840e289d3f6e5dcb912ad7b0fbd9629fb"},
    {file = "coverage-7.0.2-cp310-cp310-manylinux_2_17_aarch64.manylinux2014_aarch64.whl", hash = "sha256:426895ac9f2938bec193aa998e7a77a3e65d3e46903f348e794b4192b9a5b61e"},
    {file = "coverage-7.0.2-cp310-cp310-manylinux_2_5_i686.manylinux1_i686.manylinux_2_17_i686.manylinux2014_i686.whl", hash = "sha256:dcb708ab06f3f4dfc99e9f84821c9120e5f12113b90fad132311a2cb97525379"},
    {file = "coverage-7.0.2-cp310-cp310-manylinux_2_5_x86_64.manylinux1_x86_64.manylinux_2_17_x86_64.manylinux2014_x86_64.whl", hash = "sha256:8217f73faf08623acb25fb2affd5d20cbcd8185213db308e46a37e6fd6a56a49"},
    {file = "coverage-7.0.2-cp310-cp310-musllinux_1_1_aarch64.whl", hash = "sha256:bcb57d175ff0cb4ff97fc547c74c1cb8d4c9612003f6d267ee78dad8f23d8b30"},
    {file = "coverage-7.0.2-cp310-cp310-musllinux_1_1_i686.whl", hash = "sha256:7d47d666e17e57ef65fefc87229fde262bd5c9039ae8424bc53aa2d8f07dc178"},
    {file = "coverage-7.0.2-cp310-cp310-musllinux_1_1_x86_64.whl", hash = "sha256:321316a7b979892a13c148a9d37852b5a76f26717e4b911b606a649394629532"},
    {file = "coverage-7.0.2-cp310-cp310-win32.whl", hash = "sha256:420f10c852b9a489cf5a764534669a19f49732a0576c76d9489ebf287f81af6d"},
    {file = "coverage-7.0.2-cp310-cp310-win_amd64.whl", hash = "sha256:a27a8dca0dc6f0944ed9fd83c556d862e227a5cd4220e62af5d4c750389938f0"},
    {file = "coverage-7.0.2-cp311-cp311-macosx_10_9_x86_64.whl", hash = "sha256:ac1033942851bf01f28c76318155ea92d6648aecb924cab81fa23781d095e9ab"},
    {file = "coverage-7.0.2-cp311-cp311-macosx_11_0_arm64.whl", hash = "sha256:36c1a1b6d38ebf8a4335f65226ec36b5d6fd67743fdcbad5c52bdcd46c4f5842"},
    {file = "coverage-7.0.2-cp311-cp311-manylinux_2_17_aarch64.manylinux2014_aarch64.whl", hash = "sha256:c5e1874c601128cf54c1d4b471e915658a334fbc56d7b3c324ddc7511597ea82"},
    {file = "coverage-7.0.2-cp311-cp311-manylinux_2_5_i686.manylinux1_i686.manylinux_2_17_i686.manylinux2014_i686.whl", hash = "sha256:8e133ca2f8141b415ff396ba789bdeffdea8ff9a5c7fc9996ccf591d7d40ee93"},
    {file = "coverage-7.0.2-cp311-cp311-manylinux_2_5_x86_64.manylinux1_x86_64.manylinux_2_17_x86_64.manylinux2014_x86_64.whl", hash = "sha256:4e97b21482aa5c21e049e4755c95955ad71fb54c9488969e2f17cf30922aa5f6"},
    {file = "coverage-7.0.2-cp311-cp311-musllinux_1_1_aarch64.whl", hash = "sha256:8bd466135fb07f693dbdd999a5569ffbc0590e9c64df859243162f0ebee950c8"},
    {file = "coverage-7.0.2-cp311-cp311-musllinux_1_1_i686.whl", hash = "sha256:38f281bb9bdd4269c451fed9451203512dadefd64676f14ed1e82c77eb5644fc"},
    {file = "coverage-7.0.2-cp311-cp311-musllinux_1_1_x86_64.whl", hash = "sha256:7c669be1b01e4b2bf23aa49e987d9bedde0234a7da374a9b77ca5416d7c57002"},
    {file = "coverage-7.0.2-cp311-cp311-win32.whl", hash = "sha256:80583c536e7e010e301002088919d4ea90566d1789ee02551574fdf3faa275ae"},
    {file = "coverage-7.0.2-cp311-cp311-win_amd64.whl", hash = "sha256:a7b018811a0e1d3869d8d0600849953acd355a3a29c6bee0fbd24d7772bcc0a2"},
    {file = "coverage-7.0.2-cp37-cp37m-macosx_10_9_x86_64.whl", hash = "sha256:e8931af864bd599c6af626575a02103ae626f57b34e3af5537d40b040d33d2ad"},
    {file = "coverage-7.0.2-cp37-cp37m-manylinux_2_17_aarch64.manylinux2014_aarch64.whl", hash = "sha256:1a613d60be1a02c7a5184ea5c4227f48c08e0635608b9c17ae2b17efef8f2501"},
    {file = "coverage-7.0.2-cp37-cp37m-manylinux_2_5_i686.manylinux1_i686.manylinux_2_17_i686.manylinux2014_i686.whl", hash = "sha256:3fbb59f84c8549113dcdce7c6d16c5731fe53651d0b46c0a25a5ebc7bb655869"},
    {file = "coverage-7.0.2-cp37-cp37m-manylinux_2_5_x86_64.manylinux1_x86_64.manylinux_2_17_x86_64.manylinux2014_x86_64.whl", hash = "sha256:3d40ad86a348c79c614e2b90566267dd6d45f2e6b4d2bfb794d78ea4a4b60b63"},
    {file = "coverage-7.0.2-cp37-cp37m-musllinux_1_1_aarch64.whl", hash = "sha256:7e184aa18f921b612ea08666c25dd92a71241c8ed40917f2824219c92289b8c7"},
    {file = "coverage-7.0.2-cp37-cp37m-musllinux_1_1_i686.whl", hash = "sha256:fd22ee7bff4b5c37bb6385efee1c501b75e29ca40286f037cb91c2182d1348ce"},
    {file = "coverage-7.0.2-cp37-cp37m-musllinux_1_1_x86_64.whl", hash = "sha256:3d72e3d20b03e63bd27b1c4d6b754cd93eca82ecc5dd77b99262d5f64862ca35"},
    {file = "coverage-7.0.2-cp37-cp37m-win32.whl", hash = "sha256:5f44ba7c07e0aa4a7a2723b426c254e952da82a33d65b4a52afae4bef74a4203"},
    {file = "coverage-7.0.2-cp37-cp37m-win_amd64.whl", hash = "sha256:efa9d943189321f67f71070c309aa6f6130fa1ec35c9dfd0da0ed238938ce573"},
    {file = "coverage-7.0.2-cp38-cp38-macosx_10_9_x86_64.whl", hash = "sha256:da458bdc9b0bcd9b8ca85bc73148631b18cc8ba03c47f29f4c017809990351aa"},
    {file = "coverage-7.0.2-cp38-cp38-macosx_11_0_arm64.whl", hash = "sha256:87d95eea58fb71f69b4f1c761099a19e0e9cb27d45dc1cc7042523128ee56337"},
    {file = "coverage-7.0.2-cp38-cp38-manylinux_2_17_aarch64.manylinux2014_aarch64.whl", hash = "sha256:dfafc350f43fd7dc67df18c940c3b7ed208ebb797abe9fb3047f0c65be8e4c0f"},
    {file = "coverage-7.0.2-cp38-cp38-manylinux_2_5_i686.manylinux1_i686.manylinux_2_17_i686.manylinux2014_i686.whl", hash = "sha256:46db409fc0c3ee5c859b84c7de9cb507166287d588390889fdf06a1afe452e16"},
    {file = "coverage-7.0.2-cp38-cp38-manylinux_2_5_x86_64.manylinux1_x86_64.manylinux_2_17_x86_64.manylinux2014_x86_64.whl", hash = "sha256:c8805673b1953313adfc487d5323b4c87864e77057944a0888c98dd2f7a6052f"},
    {file = "coverage-7.0.2-cp38-cp38-musllinux_1_1_aarch64.whl", hash = "sha256:62e5b942378d5f0b87caace567a70dc634ddd4d219a236fa221dc97d2fc412c8"},
    {file = "coverage-7.0.2-cp38-cp38-musllinux_1_1_i686.whl", hash = "sha256:a99b2f2dd1236e8d9dc35974a3dc298a408cdfd512b0bb2451798cff1ce63408"},
    {file = "coverage-7.0.2-cp38-cp38-musllinux_1_1_x86_64.whl", hash = "sha256:04691b8e832a900ed15f5bcccc2008fc2d1c8e7411251fd7d1422a84e1d72841"},
    {file = "coverage-7.0.2-cp38-cp38-win32.whl", hash = "sha256:b6936cd38757dd323fefc157823e46436610328f0feb1419a412316f24b77f36"},
    {file = "coverage-7.0.2-cp38-cp38-win_amd64.whl", hash = "sha256:483e120ea324c7fced6126bb9bf0535c71e9233d29cbc7e2fc4560311a5f8a32"},
    {file = "coverage-7.0.2-cp39-cp39-macosx_10_9_x86_64.whl", hash = "sha256:4438ba539bef21e288092b30ea2fc30e883d9af5b66ebeaf2fd7c25e2f074e39"},
    {file = "coverage-7.0.2-cp39-cp39-macosx_11_0_arm64.whl", hash = "sha256:3a2d81c95d3b02638ee6ae647edc79769fd29bf5e9e5b6b0c29040579f33c260"},
    {file = "coverage-7.0.2-cp39-cp39-manylinux_2_17_aarch64.manylinux2014_aarch64.whl", hash = "sha256:c40aaf7930680e0e5f3bd6d3d3dc97a7897f53bdce925545c4b241e0c5c3ca6a"},
    {file = "coverage-7.0.2-cp39-cp39-manylinux_2_5_i686.manylinux1_i686.manylinux_2_17_i686.manylinux2014_i686.whl", hash = "sha256:2b31f7f246dbff339b3b76ee81329e3eca5022ce270c831c65e841dbbb40115f"},
    {file = "coverage-7.0.2-cp39-cp39-manylinux_2_5_x86_64.manylinux1_x86_64.manylinux_2_17_x86_64.manylinux2014_x86_64.whl", hash = "sha256:a6e1c77ff6f10eab496fbbcdaa7dfae84968928a0aadc43ce3c3453cec29bd79"},
    {file = "coverage-7.0.2-cp39-cp39-musllinux_1_1_aarch64.whl", hash = "sha256:8e6c0ca447b557a32642f22d0987be37950eda51c4f19fc788cebc99426284b6"},
    {file = "coverage-7.0.2-cp39-cp39-musllinux_1_1_i686.whl", hash = "sha256:9de96025ce25b9f4e744fbe558a003e673004af255da9b1f6ec243720ac5deeb"},
    {file = "coverage-7.0.2-cp39-cp39-musllinux_1_1_x86_64.whl", hash = "sha256:312fd77258bf1044ef4faa82091f2e88216e4b62dcf1a461d3e917144c8b09b7"},
    {file = "coverage-7.0.2-cp39-cp39-win32.whl", hash = "sha256:4d7be755d7544dac2b9814e98366a065d15a16e13847eb1f5473bb714483391e"},
    {file = "coverage-7.0.2-cp39-cp39-win_amd64.whl", hash = "sha256:b6eab230b18458707b5c501548e997e42934b1c189fb4d1b78bf5aacc1c6a137"},
    {file = "coverage-7.0.2-pp37.pp38.pp39-none-any.whl", hash = "sha256:1d732b5dcafed67d81c5b5a0c404c31a61e13148946a3b910a340f72fdd1ec95"},
    {file = "coverage-7.0.2.tar.gz", hash = "sha256:405d8528a0ea07ca516d9007ecad4e1bd10e2eeef27411c6188d78c4e2dfcddc"},
]

[package.dependencies]
tomli = {version = "*", optional = true, markers = "python_full_version <= \"3.11.0a6\" and extra == \"toml\""}

[package.extras]
toml = ["tomli"]

[[package]]
name = "django"
version = "4.1.4"
description = "A high-level Python web framework that encourages rapid development and clean, pragmatic design."
category = "main"
optional = false
python-versions = ">=3.8"
files = [
    {file = "Django-4.1.4-py3-none-any.whl", hash = "sha256:0b223bfa55511f950ff741983d408d78d772351284c75e9f77d2b830b6b4d148"},
    {file = "Django-4.1.4.tar.gz", hash = "sha256:d38a4e108d2386cb9637da66a82dc8d0733caede4c83c4afdbda78af4214211b"},
]

[package.dependencies]
asgiref = ">=3.5.2,<4"
sqlparse = ">=0.2.2"
tzdata = {version = "*", markers = "sys_platform == \"win32\""}

[package.extras]
argon2 = ["argon2-cffi (>=19.1.0)"]
bcrypt = ["bcrypt"]

[[package]]
name = "django-crispy-forms"
version = "1.14.0"
description = "Best way to have Django DRY forms"
category = "main"
optional = false
python-versions = ">=3.7"
files = [
    {file = "django-crispy-forms-1.14.0.tar.gz", hash = "sha256:35887b8851a931374dd697207a8f56c57a9c5cb9dbf0b9fa54314da5666cea5b"},
    {file = "django_crispy_forms-1.14.0-py3-none-any.whl", hash = "sha256:bc4d2037f6de602d39c0bc452ac3029d1f5d65e88458872cc4dbc01c3a400604"},
]

[[package]]
name = "exceptiongroup"
version = "1.1.0"
description = "Backport of PEP 654 (exception groups)"
category = "main"
optional = false
python-versions = ">=3.7"
files = [
    {file = "exceptiongroup-1.1.0-py3-none-any.whl", hash = "sha256:327cbda3da756e2de031a3107b81ab7b3770a602c4d16ca618298c526f4bec1e"},
    {file = "exceptiongroup-1.1.0.tar.gz", hash = "sha256:bcb67d800a4497e1b404c2dd44fca47d3b7a5e5433dbab67f96c1a685cdfdf23"},
]

[package.extras]
test = ["pytest (>=6)"]

[[package]]
name = "faker"
version = "12.0.1"
description = "Faker is a Python package that generates fake data for you."
category = "main"
optional = false
python-versions = ">=3.6"
files = [
    {file = "Faker-12.0.1-py3-none-any.whl", hash = "sha256:1dc2811f20e163892fefe7006f2ce00778f8099a40aee265bfa60a13400de63d"},
    {file = "Faker-12.0.1.tar.gz", hash = "sha256:aa7103805ae793277abbb85da9f6f05e76a1a295a9384a8e17c2fba2b3a690cb"},
]

[package.dependencies]
python-dateutil = ">=2.4"

[[package]]
name = "googletrans"
version = "4.0.0rc1"
description = "Free Google Translate API for Python. Translates totally free of charge."
category = "main"
optional = false
python-versions = ">=3.6"
files = [
    {file = "googletrans-4.0.0rc1.tar.gz", hash = "sha256:74df47b092e2d566522019d149e3f1d75732570ad76eaf8e14aebeffc126c372"},
]

[package.dependencies]
httpx = "0.13.3"

[[package]]
name = "h11"
version = "0.9.0"
description = "A pure-Python, bring-your-own-I/O implementation of HTTP/1.1"
category = "main"
optional = false
python-versions = "*"
files = [
    {file = "h11-0.9.0-py2.py3-none-any.whl", hash = "sha256:4bc6d6a1238b7615b266ada57e0618568066f57dd6fa967d1290ec9309b2f2f1"},
    {file = "h11-0.9.0.tar.gz", hash = "sha256:33d4bca7be0fa039f4e84d50ab00531047e53d6ee8ffbc83501ea602c169cae1"},
]

[[package]]
name = "h2"
version = "3.2.0"
description = "HTTP/2 State-Machine based protocol implementation"
category = "main"
optional = false
python-versions = "*"
files = [
    {file = "h2-3.2.0-py2.py3-none-any.whl", hash = "sha256:61e0f6601fa709f35cdb730863b4e5ec7ad449792add80d1410d4174ed139af5"},
    {file = "h2-3.2.0.tar.gz", hash = "sha256:875f41ebd6f2c44781259005b157faed1a5031df3ae5aa7bcb4628a6c0782f14"},
]

[package.dependencies]
hpack = ">=3.0,<4"
hyperframe = ">=5.2.0,<6"

[[package]]
name = "hpack"
version = "3.0.0"
description = "Pure-Python HPACK header compression"
category = "main"
optional = false
python-versions = "*"
files = [
    {file = "hpack-3.0.0-py2.py3-none-any.whl", hash = "sha256:0edd79eda27a53ba5be2dfabf3b15780928a0dff6eb0c60a3d6767720e970c89"},
    {file = "hpack-3.0.0.tar.gz", hash = "sha256:8eec9c1f4bfae3408a3f30500261f7e6a65912dc138526ea054f9ad98892e9d2"},
]

[[package]]
name = "hstspreload"
version = "2022.12.1"
description = "Chromium HSTS Preload list as a Python package"
category = "main"
optional = false
python-versions = ">=3.6"
files = [
    {file = "hstspreload-2022.12.1-py3-none-any.whl", hash = "sha256:a5af19757616bd31c5f6772e3ae0826c67cca35580d0c3243c15824aa2756073"},
    {file = "hstspreload-2022.12.1.tar.gz", hash = "sha256:b2df7b64666b711a670894708c31558f84be9fd8da5e2d4cc40927faaf55792a"},
]

[[package]]
name = "httpcore"
version = "0.9.1"
description = "A minimal low-level HTTP client."
category = "main"
optional = false
python-versions = ">=3.6"
files = [
    {file = "httpcore-0.9.1-py3-none-any.whl", hash = "sha256:9850fe97a166a794d7e920590d5ec49a05488884c9fc8b5dba8561effab0c2a0"},
    {file = "httpcore-0.9.1.tar.gz", hash = "sha256:ecc5949310d9dae4de64648a4ce529f86df1f232ce23dcfefe737c24d21dfbe9"},
]

[package.dependencies]
h11 = ">=0.8,<0.10"
h2 = ">=3.0.0,<4.0.0"
sniffio = ">=1.0.0,<2.0.0"

[[package]]
name = "httpx"
version = "0.13.3"
description = "The next generation HTTP client."
category = "main"
optional = false
python-versions = ">=3.6"
files = [
    {file = "httpx-0.13.3-py3-none-any.whl", hash = "sha256:32d930858eab677bc29a742aaa4f096de259f1c78c68a90ad11f5c3c04f08335"},
    {file = "httpx-0.13.3.tar.gz", hash = "sha256:3642bd13e90b80ba8a243a730275eb10a4c26ec96f5fc16b87e458d4ab21efae"},
]

[package.dependencies]
certifi = "*"
chardet = ">=3.0.0,<4.0.0"
hstspreload = "*"
httpcore = ">=0.9.0,<0.10.0"
idna = ">=2.0.0,<3.0.0"
rfc3986 = ">=1.3,<2"
sniffio = "*"

[[package]]
name = "hyperframe"
version = "5.2.0"
description = "HTTP/2 framing layer for Python"
category = "main"
optional = false
python-versions = "*"
files = [
    {file = "hyperframe-5.2.0-py2.py3-none-any.whl", hash = "sha256:5187962cb16dcc078f23cb5a4b110098d546c3f41ff2d4038a9896893bbd0b40"},
    {file = "hyperframe-5.2.0.tar.gz", hash = "sha256:a9f5c17f2cc3c719b917c4f33ed1c61bd1f8dfac4b1bd23b7c80b3400971b41f"},
]

[[package]]
name = "idna"
version = "2.10"
description = "Internationalized Domain Names in Applications (IDNA)"
category = "main"
optional = false
python-versions = ">=2.7, !=3.0.*, !=3.1.*, !=3.2.*, !=3.3.*"
files = [
    {file = "idna-2.10-py2.py3-none-any.whl", hash = "sha256:b97d804b1e9b523befed77c48dacec60e6dcb0b5391d57af6a65a312a90648c0"},
    {file = "idna-2.10.tar.gz", hash = "sha256:b307872f855b18632ce0c21c5e45be78c0ea7ae4c15c828c20788b26921eb3f6"},
]

[[package]]
name = "iniconfig"
version = "1.1.1"
description = "iniconfig: brain-dead simple config-ini parsing"
category = "main"
optional = false
python-versions = "*"
files = [
    {file = "iniconfig-1.1.1-py2.py3-none-any.whl", hash = "sha256:011e24c64b7f47f6ebd835bb12a743f2fbe9a26d4cecaa7f53bc4f35ee9da8b3"},
    {file = "iniconfig-1.1.1.tar.gz", hash = "sha256:bc3af051d7d14b2ee5ef9969666def0cd1a000e121eaea580d4a313df4b37f32"},
]

[[package]]
name = "mixer"
version = "7.2.2"
description = "Mixer -- Is a fixtures replacement. Supported Django ORM, SqlAlchemy ORM, Mongoengine ODM and custom python objects."
category = "main"
optional = false
python-versions = ">=3.7"
files = [
    {file = "mixer-7.2.2-py3-none-any.whl", hash = "sha256:8089b8e2d00288c77e622936198f5dd03c8ac1603a1530a4f870dc213363b2ae"},
    {file = "mixer-7.2.2.tar.gz", hash = "sha256:9b3f1a261b56d8f2394f39955f83adbc7ff3ab4bb1065ebfec19a10d3e8501e0"},
]

[package.dependencies]
Faker = ">=5.4.0,<12.1"

[package.extras]
tests = ["Django (>=3.0)", "Flask (>=1.0)", "Marshmallow (>=3.9)", "SQLAlchemy (>=1.1.4)", "flask-sqlalchemy (>=2.1)", "mongoengine (>=0.10.1)", "peewee (>=3.7.0)", "pony (>=0.7)", "psycopg2-binary (>=2.8.4)", "pytest"]

[[package]]
name = "packaging"
version = "22.0"
description = "Core utilities for Python packages"
category = "main"
optional = false
python-versions = ">=3.7"
files = [
    {file = "packaging-22.0-py3-none-any.whl", hash = "sha256:957e2148ba0e1a3b282772e791ef1d8083648bc131c8ab0c1feba110ce1146c3"},
    {file = "packaging-22.0.tar.gz", hash = "sha256:2198ec20bd4c017b8f9717e00f0c8714076fc2fd93816750ab48e2c41de2cfd3"},
]

[[package]]
name = "pluggy"
version = "1.0.0"
description = "plugin and hook calling mechanisms for python"
category = "main"
optional = false
python-versions = ">=3.6"
files = [
    {file = "pluggy-1.0.0-py2.py3-none-any.whl", hash = "sha256:74134bbf457f031a36d68416e1509f34bd5ccc019f0bcc952c7b909d06b37bd3"},
    {file = "pluggy-1.0.0.tar.gz", hash = "sha256:4224373bacce55f955a878bf9cfa763c1e360858e330072059e10bad68531159"},
]

[package.extras]
dev = ["pre-commit", "tox"]
testing = ["pytest", "pytest-benchmark"]

[[package]]
name = "pytest"
version = "7.2.0"
description = "pytest: simple powerful testing with Python"
category = "main"
optional = false
python-versions = ">=3.7"
files = [
    {file = "pytest-7.2.0-py3-none-any.whl", hash = "sha256:892f933d339f068883b6fd5a459f03d85bfcb355e4981e146d2c7616c21fef71"},
    {file = "pytest-7.2.0.tar.gz", hash = "sha256:c4014eb40e10f11f355ad4e3c2fb2c6c6d1919c73f3b5a433de4708202cade59"},
]

[package.dependencies]
attrs = ">=19.2.0"
colorama = {version = "*", markers = "sys_platform == \"win32\""}
exceptiongroup = {version = ">=1.0.0rc8", markers = "python_version < \"3.11\""}
iniconfig = "*"
packaging = "*"
pluggy = ">=0.12,<2.0"
tomli = {version = ">=1.0.0", markers = "python_version < \"3.11\""}

[package.extras]
testing = ["argcomplete", "hypothesis (>=3.56)", "mock", "nose", "pygments (>=2.7.2)", "requests", "xmlschema"]

[[package]]
name = "pytest-cov"
version = "4.0.0"
description = "Pytest plugin for measuring coverage."
category = "main"
optional = false
python-versions = ">=3.6"
files = [
    {file = "pytest-cov-4.0.0.tar.gz", hash = "sha256:996b79efde6433cdbd0088872dbc5fb3ed7fe1578b68cdbba634f14bb8dd0470"},
    {file = "pytest_cov-4.0.0-py3-none-any.whl", hash = "sha256:2feb1b751d66a8bd934e5edfa2e961d11309dc37b73b0eabe73b5945fee20f6b"},
]

[package.dependencies]
coverage = {version = ">=5.2.1", extras = ["toml"]}
pytest = ">=4.6"

[package.extras]
testing = ["fields", "hunter", "process-tests", "pytest-xdist", "six", "virtualenv"]

[[package]]
name = "pytest-django"
version = "4.5.2"
description = "A Django plugin for pytest."
category = "main"
optional = false
python-versions = ">=3.5"
files = [
    {file = "pytest-django-4.5.2.tar.gz", hash = "sha256:d9076f759bb7c36939dbdd5ae6633c18edfc2902d1a69fdbefd2426b970ce6c2"},
    {file = "pytest_django-4.5.2-py3-none-any.whl", hash = "sha256:c60834861933773109334fe5a53e83d1ef4828f2203a1d6a0fa9972f4f75ab3e"},
]

[package.dependencies]
pytest = ">=5.4.0"

[package.extras]
docs = ["sphinx", "sphinx-rtd-theme"]
testing = ["Django", "django-configurations (>=2.0)"]

[[package]]
name = "python-dateutil"
version = "2.8.2"
description = "Extensions to the standard Python datetime module"
category = "main"
optional = false
python-versions = "!=3.0.*,!=3.1.*,!=3.2.*,>=2.7"
files = [
    {file = "python-dateutil-2.8.2.tar.gz", hash = "sha256:0123cacc1627ae19ddf3c27a5de5bd67ee4586fbdd6440d9748f8abb483d3e86"},
    {file = "python_dateutil-2.8.2-py2.py3-none-any.whl", hash = "sha256:961d03dc3453ebbc59dbdea9e4e11c5651520a876d0f4db161e8674aae935da9"},
]

[package.dependencies]
six = ">=1.5"

[[package]]
name = "rfc3986"
version = "1.5.0"
description = "Validating URI References per RFC 3986"
category = "main"
optional = false
python-versions = "*"
files = [
    {file = "rfc3986-1.5.0-py2.py3-none-any.whl", hash = "sha256:a86d6e1f5b1dc238b218b012df0aa79409667bb209e58da56d0b94704e712a97"},
    {file = "rfc3986-1.5.0.tar.gz", hash = "sha256:270aaf10d87d0d4e095063c65bf3ddbc6ee3d0b226328ce21e036f946e421835"},
]

[package.extras]
idna2008 = ["idna"]

[[package]]
name = "six"
version = "1.16.0"
description = "Python 2 and 3 compatibility utilities"
category = "main"
optional = false
python-versions = ">=2.7, !=3.0.*, !=3.1.*, !=3.2.*"
files = [
    {file = "six-1.16.0-py2.py3-none-any.whl", hash = "sha256:8abb2f1d86890a2dfb989f9a77cfcfd3e47c2a354b01111771326f8aa26e0254"},
    {file = "six-1.16.0.tar.gz", hash = "sha256:1e61c37477a1626458e36f7b1d82aa5c9b094fa4802892072e49de9c60c4c926"},
]

[[package]]
name = "sniffio"
version = "1.3.0"
description = "Sniff out which async library your code is running under"
category = "main"
optional = false
python-versions = ">=3.7"
files = [
    {file = "sniffio-1.3.0-py3-none-any.whl", hash = "sha256:eecefdce1e5bbfb7ad2eeaabf7c1eeb404d7757c379bd1f7e5cce9d8bf425384"},
    {file = "sniffio-1.3.0.tar.gz", hash = "sha256:e60305c5e5d314f5389259b7f22aaa33d8f7dee49763119234af3755c55b9101"},
]

[[package]]
name = "sqlparse"
version = "0.4.3"
description = "A non-validating SQL parser."
category = "main"
optional = false
python-versions = ">=3.5"
files = [
    {file = "sqlparse-0.4.3-py3-none-any.whl", hash = "sha256:0323c0ec29cd52bceabc1b4d9d579e311f3e4961b98d174201d5622a23b85e34"},
    {file = "sqlparse-0.4.3.tar.gz", hash = "sha256:69ca804846bb114d2ec380e4360a8a340db83f0ccf3afceeb1404df028f57268"},
]

[[package]]
name = "tomli"
version = "2.0.1"
description = "A lil' TOML parser"
category = "main"
optional = false
python-versions = ">=3.7"
files = [
    {file = "tomli-2.0.1-py3-none-any.whl", hash = "sha256:939de3e7a6161af0c887ef91b7d41a53e7c5a1ca976325f429cb46ea9bc30ecc"},
    {file = "tomli-2.0.1.tar.gz", hash = "sha256:de526c12914f0c550d15924c62d72abc48d6fe7364aa87328337a31007fe8a4f"},
]

[[package]]
name = "tzdata"
version = "2022.7"
description = "Provider of IANA time zone data"
category = "main"
optional = false
python-versions = ">=2"
files = [
    {file = "tzdata-2022.7-py2.py3-none-any.whl", hash = "sha256:2b88858b0e3120792a3c0635c23daf36a7d7eeeca657c323da299d2094402a0d"},
    {file = "tzdata-2022.7.tar.gz", hash = "sha256:fe5f866eddd8b96e9fcba978f8e503c909b19ea7efda11e52e39494bad3a7bfa"},
]

[metadata]
lock-version = "2.0"
python-versions = "^3.10"
content-hash = "8c27a668a319b8d1af11eb583103bd53651222f82a970f57f357166475c1543c"
